// !$*UTF8*$!
{
	archiveVersion = 1;
	classes = {
	};
	objectVersion = 50;
	objects = {

/* Begin PBXBuildFile section */
		070925EB2678107B00F99A50 /* The_Connected_WebApp.swift in Sources */ = {isa = PBXBuildFile; fileRef = 070925EA2678107B00F99A50 /* The_Connected_WebApp.swift */; };
		070925ED2678107B00F99A50 /* ContentView.swift in Sources */ = {isa = PBXBuildFile; fileRef = 070925EC2678107B00F99A50 /* ContentView.swift */; };
		070925EF2678107D00F99A50 /* Assets.xcassets in Resources */ = {isa = PBXBuildFile; fileRef = 070925EE2678107D00F99A50 /* Assets.xcassets */; };
		070925F22678107D00F99A50 /* Preview Assets.xcassets in Resources */ = {isa = PBXBuildFile; fileRef = 070925F12678107D00F99A50 /* Preview Assets.xcassets */; };
		070925F42678107D00F99A50 /* Persistence.swift in Sources */ = {isa = PBXBuildFile; fileRef = 070925F32678107D00F99A50 /* Persistence.swift */; };
		070925F72678107D00F99A50 /* The_Connected_Web.xcdatamodeld in Sources */ = {isa = PBXBuildFile; fileRef = 070925F52678107D00F99A50 /* The_Connected_Web.xcdatamodeld */; };
		070925FF2678132700F99A50 /* Storyboard.storyboard in Resources */ = {isa = PBXBuildFile; fileRef = 070925FE2678132700F99A50 /* Storyboard.storyboard */; };
/* End PBXBuildFile section */

/* Begin PBXFileReference section */
		070925E72678107B00F99A50 /* The-Connected-Web.app */ = {isa = PBXFileReference; explicitFileType = wrapper.application; includeInIndex = 0; path = "The-Connected-Web.app"; sourceTree = BUILT_PRODUCTS_DIR; };
		070925EA2678107B00F99A50 /* The_Connected_WebApp.swift */ = {isa = PBXFileReference; lastKnownFileType = sourcecode.swift; path = The_Connected_WebApp.swift; sourceTree = "<group>"; };
		070925EC2678107B00F99A50 /* ContentView.swift */ = {isa = PBXFileReference; lastKnownFileType = sourcecode.swift; path = ContentView.swift; sourceTree = "<group>"; };
		070925EE2678107D00F99A50 /* Assets.xcassets */ = {isa = PBXFileReference; lastKnownFileType = folder.assetcatalog; path = Assets.xcassets; sourceTree = "<group>"; };
		070925F12678107D00F99A50 /* Preview Assets.xcassets */ = {isa = PBXFileReference; lastKnownFileType = folder.assetcatalog; path = "Preview Assets.xcassets"; sourceTree = "<group>"; };
		070925F32678107D00F99A50 /* Persistence.swift */ = {isa = PBXFileReference; lastKnownFileType = sourcecode.swift; path = Persistence.swift; sourceTree = "<group>"; };
		070925F62678107D00F99A50 /* The_Connected_Web.xcdatamodel */ = {isa = PBXFileReference; lastKnownFileType = wrapper.xcdatamodel; path = The_Connected_Web.xcdatamodel; sourceTree = "<group>"; };
		070925F82678107D00F99A50 /* Info.plist */ = {isa = PBXFileReference; lastKnownFileType = text.plist.xml; path = Info.plist; sourceTree = "<group>"; };
		070925FE2678132700F99A50 /* Storyboard.storyboard */ = {isa = PBXFileReference; lastKnownFileType = file.storyboard; path = Storyboard.storyboard; sourceTree = "<group>"; };
/* End PBXFileReference section */

/* Begin PBXFrameworksBuildPhase section */
		070925E42678107B00F99A50 /* Frameworks */ = {
			isa = PBXFrameworksBuildPhase;
			buildActionMask = 2147483647;
			files = (
			);
			runOnlyForDeploymentPostprocessing = 0;
		};
/* End PBXFrameworksBuildPhase section */

/* Begin PBXGroup section */
		070925DE2678107B00F99A50 = {
			isa = PBXGroup;
			children = (
				070925E92678107B00F99A50 /* The-Connected-Web */,
				070925E82678107B00F99A50 /* Products */,
			);
			sourceTree = "<group>";
		};
		070925E82678107B00F99A50 /* Products */ = {
			isa = PBXGroup;
			children = (
				070925E72678107B00F99A50 /* The-Connected-Web.app */,
			);
			name = Products;
			sourceTree = "<group>";
		};
		070925E92678107B00F99A50 /* The-Connected-Web */ = {
			isa = PBXGroup;
			children = (
				070925EA2678107B00F99A50 /* The_Connected_WebApp.swift */,
				070925EC2678107B00F99A50 /* ContentView.swift */,
				070925FE2678132700F99A50 /* Storyboard.storyboard */,
				070925EE2678107D00F99A50 /* Assets.xcassets */,
				070925F32678107D00F99A50 /* Persistence.swift */,
				070925F82678107D00F99A50 /* Info.plist */,
				070925F52678107D00F99A50 /* The_Connected_Web.xcdatamodeld */,
				070925F02678107D00F99A50 /* Preview Content */,
			);
			path = "The-Connected-Web";
			sourceTree = "<group>";
		};
		070925F02678107D00F99A50 /* Preview Content */ = {
			isa = PBXGroup;
			children = (
				070925F12678107D00F99A50 /* Preview Assets.xcassets */,
			);
			path = "Preview Content";
			sourceTree = "<group>";
		};
/* End PBXGroup section */

/* Begin PBXNativeTarget section */
		070925E62678107B00F99A50 /* The-Connected-Web */ = {
			isa = PBXNativeTarget;
			buildConfigurationList = 070925FB2678107D00F99A50 /* Build configuration list for PBXNativeTarget "The-Connected-Web" */;
			buildPhases = (
				070925E32678107B00F99A50 /* Sources */,
				070925E42678107B00F99A50 /* Frameworks */,
				070925E52678107B00F99A50 /* Resources */,
			);
			buildRules = (
			);
			dependencies = (
			);
			name = "The-Connected-Web";
			productName = "The-Connected-Web";
			productReference = 070925E72678107B00F99A50 /* The-Connected-Web.app */;
			productType = "com.apple.product-type.application";
		};
/* End PBXNativeTarget section */

/* Begin PBXProject section */
		070925DF2678107B00F99A50 /* Project object */ = {
			isa = PBXProject;
			attributes = {
				LastSwiftUpdateCheck = 1250;
				LastUpgradeCheck = 1250;
				TargetAttributes = {
					070925E62678107B00F99A50 = {
						CreatedOnToolsVersion = 12.5;
					};
				};
			};
			buildConfigurationList = 070925E22678107B00F99A50 /* Build configuration list for PBXProject "The-Connected-Web" */;
			compatibilityVersion = "Xcode 9.3";
			developmentRegion = en;
			hasScannedForEncodings = 0;
			knownRegions = (
				en,
				Base,
			);
			mainGroup = 070925DE2678107B00F99A50;
			productRefGroup = 070925E82678107B00F99A50 /* Products */;
			projectDirPath = "";
			projectRoot = "";
			targets = (
				070925E62678107B00F99A50 /* The-Connected-Web */,
			);
		};
/* End PBXProject section */

/* Begin PBXResourcesBuildPhase section */
		070925E52678107B00F99A50 /* Resources */ = {
			isa = PBXResourcesBuildPhase;
			buildActionMask = 2147483647;
			files = (
				070925F22678107D00F99A50 /* Preview Assets.xcassets in Resources */,
				070925EF2678107D00F99A50 /* Assets.xcassets in Resources */,
				070925FF2678132700F99A50 /* Storyboard.storyboard in Resources */,
			);
			runOnlyForDeploymentPostprocessing = 0;
		};
/* End PBXResourcesBuildPhase section */

/* Begin PBXSourcesBuildPhase section */
		070925E32678107B00F99A50 /* Sources */ = {
			isa = PBXSourcesBuildPhase;
			buildActionMask = 2147483647;
			files = (
				070925F42678107D00F99A50 /* Persistence.swift in Sources */,
				070925ED2678107B00F99A50 /* ContentView.swift in Sources */,
				070925F72678107D00F99A50 /* The_Connected_Web.xcdatamodeld in Sources */,
				070925EB2678107B00F99A50 /* The_Connected_WebApp.swift in Sources */,
			);
			runOnlyForDeploymentPostprocessing = 0;
		};
/* End PBXSourcesBuildPhase section */

/* Begin XCBuildConfiguration section */
		070925F92678107D00F99A50 /* Debug */ = {
			isa = XCBuildConfiguration;
			buildSettings = {
				ALWAYS_SEARCH_USER_PATHS = NO;
				CLANG_ANALYZER_NONNULL = YES;
				CLANG_ANALYZER_NUMBER_OBJECT_CONVERSION = YES_AGGRESSIVE;
				CLANG_CXX_LANGUAGE_STANDARD = "gnu++14";
				CLANG_CXX_LIBRARY = "libc++";
				CLANG_ENABLE_MODULES = YES;
				CLANG_ENABLE_OBJC_ARC = YES;
				CLANG_ENABLE_OBJC_WEAK = YES;
				CLANG_WARN_BLOCK_CAPTURE_AUTORELEASING = YES;
				CLANG_WARN_BOOL_CONVERSION = YES;
				CLANG_WARN_COMMA = YES;
				CLANG_WARN_CONSTANT_CONVERSION = YES;
				CLANG_WARN_DEPRECATED_OBJC_IMPLEMENTATIONS = YES;
				CLANG_WARN_DIRECT_OBJC_ISA_USAGE = YES_ERROR;
				CLANG_WARN_DOCUMENTATION_COMMENTS = YES;
				CLANG_WARN_EMPTY_BODY = YES;
				CLANG_WARN_ENUM_CONVERSION = YES;
				CLANG_WARN_INFINITE_RECURSION = YES;
				CLANG_WARN_INT_CONVERSION = YES;
				CLANG_WARN_NON_LITERAL_NULL_CONVERSION = YES;
				CLANG_WARN_OBJC_IMPLICIT_RETAIN_SELF = YES;
				CLANG_WARN_OBJC_LITERAL_CONVERSION = YES;
				CLANG_WARN_OBJC_ROOT_CLASS = YES_ERROR;
				CLANG_WARN_QUOTED_INCLUDE_IN_FRAMEWORK_HEADER = YES;
				CLANG_WARN_RANGE_LOOP_ANALYSIS = YES;
				CLANG_WARN_STRICT_PROTOTYPES = YES;
				CLANG_WARN_SUSPICIOUS_MOVE = YES;
				CLANG_WARN_UNGUARDED_AVAILABILITY = YES_AGGRESSIVE;
				CLANG_WARN_UNREACHABLE_CODE = YES;
				CLANG_WARN__DUPLICATE_METHOD_MATCH = YES;
				COPY_PHASE_STRIP = NO;
				DEBUG_INFORMATION_FORMAT = dwarf;
				ENABLE_STRICT_OBJC_MSGSEND = YES;
				ENABLE_TESTABILITY = YES;
				GCC_C_LANGUAGE_STANDARD = gnu11;
				GCC_DYNAMIC_NO_PIC = NO;
				GCC_NO_COMMON_BLOCKS = YES;
				GCC_OPTIMIZATION_LEVEL = 0;
				GCC_PREPROCESSOR_DEFINITIONS = (
					"DEBUG=1",
					"$(inherited)",
				);
				GCC_WARN_64_TO_32_BIT_CONVERSION = YES;
				GCC_WARN_ABOUT_RETURN_TYPE = YES_ERROR;
				GCC_WARN_UNDECLARED_SELECTOR = YES;
				GCC_WARN_UNINITIALIZED_AUTOS = YES_AGGRESSIVE;
				GCC_WARN_UNUSED_FUNCTION = YES;
				GCC_WARN_UNUSED_VARIABLE = YES;
				IPHONEOS_DEPLOYMENT_TARGET = 14.5;
				MTL_ENABLE_DEBUG_INFO = INCLUDE_SOURCE;
				MTL_FAST_MATH = YES;
				ONLY_ACTIVE_ARCH = YES;
				SDKROOT = iphoneos;
				SWIFT_ACTIVE_COMPILATION_CONDITIONS = DEBUG;
				SWIFT_OPTIMIZATION_LEVEL = "-Onone";
			};
			name = Debug;
		};
		070925FA2678107D00F99A50 /* Release */ = {
			isa = XCBuildConfiguration;
			buildSettings = {
				ALWAYS_SEARCH_USER_PATHS = NO;
				CLANG_ANALYZER_NONNULL = YES;
				CLANG_ANALYZER_NUMBER_OBJECT_CONVERSION = YES_AGGRESSIVE;
				CLANG_CXX_LANGUAGE_STANDARD = "gnu++14";
				CLANG_CXX_LIBRARY = "libc++";
				CLANG_ENABLE_MODULES = YES;
				CLANG_ENABLE_OBJC_ARC = YES;
				CLANG_ENABLE_OBJC_WEAK = YES;
				CLANG_WARN_BLOCK_CAPTURE_AUTORELEASING = YES;
				CLANG_WARN_BOOL_CONVERSION = YES;
				CLANG_WARN_COMMA = YES;
				CLANG_WARN_CONSTANT_CONVERSION = YES;
				CLANG_WARN_DEPRECATED_OBJC_IMPLEMENTATIONS = YES;
				CLANG_WARN_DIRECT_OBJC_ISA_USAGE = YES_ERROR;
				CLANG_WARN_DOCUMENTATION_COMMENTS = YES;
				CLANG_WARN_EMPTY_BODY = YES;
				CLANG_WARN_ENUM_CONVERSION = YES;
				CLANG_WARN_INFINITE_RECURSION = YES;
				CLANG_WARN_INT_CONVERSION = YES;
				CLANG_WARN_NON_LITERAL_NULL_CONVERSION = YES;
				CLANG_WARN_OBJC_IMPLICIT_RETAIN_SELF = YES;
				CLANG_WARN_OBJC_LITERAL_CONVERSION = YES;
				CLANG_WARN_OBJC_ROOT_CLASS = YES_ERROR;
				CLANG_WARN_QUOTED_INCLUDE_IN_FRAMEWORK_HEADER = YES;
				CLANG_WARN_RANGE_LOOP_ANALYSIS = YES;
				CLANG_WARN_STRICT_PROTOTYPES = YES;
				CLANG_WARN_SUSPICIOUS_MOVE = YES;
				CLANG_WARN_UNGUARDED_AVAILABILITY = YES_AGGRESSIVE;
				CLANG_WARN_UNREACHABLE_CODE = YES;
				CLANG_WARN__DUPLICATE_METHOD_MATCH = YES;
				COPY_PHASE_STRIP = NO;
				DEBUG_INFORMATION_FORMAT = "dwarf-with-dsym";
				ENABLE_NS_ASSERTIONS = NO;
				ENABLE_STRICT_OBJC_MSGSEND = YES;
				GCC_C_LANGUAGE_STANDARD = gnu11;
				GCC_NO_COMMON_BLOCKS = YES;
				GCC_WARN_64_TO_32_BIT_CONVERSION = YES;
				GCC_WARN_ABOUT_RETURN_TYPE = YES_ERROR;
				GCC_WARN_UNDECLARED_SELECTOR = YES;
				GCC_WARN_UNINITIALIZED_AUTOS = YES_AGGRESSIVE;
				GCC_WARN_UNUSED_FUNCTION = YES;
				GCC_WARN_UNUSED_VARIABLE = YES;
				IPHONEOS_DEPLOYMENT_TARGET = 14.5;
				MTL_ENABLE_DEBUG_INFO = NO;
				MTL_FAST_MATH = YES;
				SDKROOT = iphoneos;
				SWIFT_COMPILATION_MODE = wholemodule;
				SWIFT_OPTIMIZATION_LEVEL = "-O";
				VALIDATE_PRODUCT = YES;
			};
			name = Release;
		};
		070925FC2678107D00F99A50 /* Debug */ = {
			isa = XCBuildConfiguration;
			buildSettings = {
				ASSETCATALOG_COMPILER_APPICON_NAME = AppIcon;
				ASSETCATALOG_COMPILER_GLOBAL_ACCENT_COLOR_NAME = AccentColor;
				CODE_SIGN_STYLE = Automatic;
				DEVELOPMENT_ASSET_PATHS = "\"The-Connected-Web/Preview Content\"";
				ENABLE_PREVIEWS = YES;
				INFOPLIST_FILE = "The-Connected-Web/Info.plist";
				IPHONEOS_DEPLOYMENT_TARGET = 14.0;
				LD_RUNPATH_SEARCH_PATHS = (
					"$(inherited)",
					"@executable_path/Frameworks",
				);
				PRODUCT_BUNDLE_IDENTIFIER = "jonathan-mejia.The-Connected-Web";
				PRODUCT_NAME = "$(TARGET_NAME)";
				SWIFT_VERSION = 5.0;
				TARGETED_DEVICE_FAMILY = "1,2";
			};
			name = Debug;
		};
		070925FD2678107D00F99A50 /* Release */ = {
			isa = XCBuildConfiguration;
			buildSettings = {
				ASSETCATALOG_COMPILER_APPICON_NAME = AppIcon;
				ASSETCATALOG_COMPILER_GLOBAL_ACCENT_COLOR_NAME = AccentColor;
				CODE_SIGN_STYLE = Automatic;
				DEVELOPMENT_ASSET_PATHS = "\"The-Connected-Web/Preview Content\"";
				ENABLE_PREVIEWS = YES;
				INFOPLIST_FILE = "The-Connected-Web/Info.plist";
				IPHONEOS_DEPLOYMENT_TARGET = 14.0;
				LD_RUNPATH_SEARCH_PATHS = (
					"$(inherited)",
					"@executable_path/Frameworks",
				);
				PRODUCT_BUNDLE_IDENTIFIER = "jonathan-mejia.The-Connected-Web";
				PRODUCT_NAME = "$(TARGET_NAME)";
				SWIFT_VERSION = 5.0;
				TARGETED_DEVICE_FAMILY = "1,2";
			};
			name = Release;
		};
/* End XCBuildConfiguration section */

/* Begin XCConfigurationList section */
		070925E22678107B00F99A50 /* Build configuration list for PBXProject "The-Connected-Web" */ = {
			isa = XCConfigurationList;
			buildConfigurations = (
				070925F92678107D00F99A50 /* Debug */,
				070925FA2678107D00F99A50 /* Release */,
			);
			defaultConfigurationIsVisible = 0;
			defaultConfigurationName = Release;
		};
		070925FB2678107D00F99A50 /* Build configuration list for PBXNativeTarget "The-Connected-Web" */ = {
			isa = XCConfigurationList;
			buildConfigurations = (
				070925FC2678107D00F99A50 /* Debug */,
				070925FD2678107D00F99A50 /* Release */,
			);
			defaultConfigurationIsVisible = 0;
			defaultConfigurationName = Release;
		};
/* End XCConfigurationList section */

/* Begin XCVersionGroup section */
		070925F52678107D00F99A50 /* The_Connected_Web.xcdatamodeld */ = {
			isa = XCVersionGroup;
			children = (
				070925F62678107D00F99A50 /* The_Connected_Web.xcdatamodel */,
			);
			currentVersion = 070925F62678107D00F99A50 /* The_Connected_Web.xcdatamodel */;
			path = The_Connected_Web.xcdatamodeld;
			sourceTree = "<group>";
			versionGroupType = wrapper.xcdatamodel;
		};
/* End XCVersionGroup section */
	};
	rootObject = 070925DF2678107B00F99A50 /* Project object */;
}
